
Microsoft Visual Studio Solution File, Format Version 12.00
# Visual Studio 15
VisualStudioVersion = 15.0.28307.539
MinimumVisualStudioVersion = 10.0.40219.1
Project("{FAE04EC0-301F-11D3-BF4B-00C04F79EFBC}") = "APR_laba5", "APR_laba5\APR_laba5.csproj", "{D82FFCF2-C964-4762-97D3-4847C871B0A4}"
EndProject
Global
	GlobalSection(SolutionConfigurationPlatforms) = preSolution
		Debug|Any CPU = Debug|Any CPU
		Release|Any CPU = Release|Any CPU
	EndGlobalSection
	GlobalSection(ProjectConfigurationPlatforms) = postSolution
		{D82FFCF2-C964-4762-97D3-4847C871B0A4}.Debug|Any CPU.ActiveCfg = Debug|Any CPU
		{D82FFCF2-C964-4762-97D3-4847C871B0A4}.Debug|Any CPU.Build.0 = Debug|Any CPU
		{D82FFCF2-C964-4762-97D3-4847C871B0A4}.Release|Any CPU.ActiveCfg = Release|Any CPU
		{D82FFCF2-C964-4762-97D3-4847C871B0A4}.Release|Any CPU.Build.0 = Release|Any CPU
	EndGlobalSection
	GlobalSection(SolutionProperties) = preSolution
		HideSolutionNode = FALSE
	EndGlobalSection
	GlobalSection(ExtensibilityGlobals) = postSolution
		SolutionGuid = {3A519BD0-156C-4159-916B-BC8B9001E2AE}
	EndGlobalSection
EndGlobal
